
Microsoft Visual Studio Solution File, Format Version 12.00
# Visual Studio Version 17
VisualStudioVersion = 17.5.002.0
MinimumVisualStudioVersion = 10.0.40219.1
Project("{9A19103F-16F7-4668-BE54-9A1E7A4F7556}") = "Blog", "Blog.csproj", "{B9E4FC5D-E0BF-41D7-9E12-56C585D901F8}"
EndProject
Global
	GlobalSection(SolutionConfigurationPlatforms) = preSolution
		Debug|Any CPU = Debug|Any CPU
		Release|Any CPU = Release|Any CPU
	EndGlobalSection
	GlobalSection(ProjectConfigurationPlatforms) = postSolution
		{B9E4FC5D-E0BF-41D7-9E12-56C585D901F8}.Debug|Any CPU.ActiveCfg = Debug|Any CPU
		{B9E4FC5D-E0BF-41D7-9E12-56C585D901F8}.Debug|Any CPU.Build.0 = Debug|Any CPU
		{B9E4FC5D-E0BF-41D7-9E12-56C585D901F8}.Release|Any CPU.ActiveCfg = Release|Any CPU
		{B9E4FC5D-E0BF-41D7-9E12-56C585D901F8}.Release|Any CPU.Build.0 = Release|Any CPU
	EndGlobalSection
	GlobalSection(SolutionProperties) = preSolution
		HideSolutionNode = FALSE
	EndGlobalSection
	GlobalSection(ExtensibilityGlobals) = postSolution
		SolutionGuid = {34C953E7-7FA5-418B-95A1-52D7D785D124}
	EndGlobalSection
EndGlobal
